// !$*UTF8*$!
{
	archiveVersion = 1;
	classes = {
	};
	objectVersion = 50;
	objects = {

/* Begin PBXBuildFile section */
		431A93A720EAEA7500C3458F /* SettingsViewController.swift in Sources */ = {isa = PBXBuildFile; fileRef = 431A93A620EAEA7500C3458F /* SettingsViewController.swift */; };
		431A93A920EAEB5400C3458F /* MainWindowController.swift in Sources */ = {isa = PBXBuildFile; fileRef = 431A93A820EAEB5400C3458F /* MainWindowController.swift */; };
		43BDFC9A20EA70DA000406B9 /* AppDelegate.swift in Sources */ = {isa = PBXBuildFile; fileRef = 43BDFC9920EA70DA000406B9 /* AppDelegate.swift */; };
		43BDFC9E20EA70DA000406B9 /* Assets.xcassets in Resources */ = {isa = PBXBuildFile; fileRef = 43BDFC9D20EA70DA000406B9 /* Assets.xcassets */; };
		43BDFCA120EA70DA000406B9 /* Main.storyboard in Resources */ = {isa = PBXBuildFile; fileRef = 43BDFC9F20EA70DA000406B9 /* Main.storyboard */; };
		43C1BA4120EA8AF900CA919D /* librtlsdr.a in Frameworks */ = {isa = PBXBuildFile; fileRef = 43C1BA3F20EA8AF800CA919D /* librtlsdr.a */; };
		43C1BA4220EA8AF900CA919D /* libusb-1.0.a in Frameworks */ = {isa = PBXBuildFile; fileRef = 43C1BA4020EA8AF900CA919D /* libusb-1.0.a */; };
		43C1BA4620EA8B2E00CA919D /* rtlsdrwrapper.swift in Sources */ = {isa = PBXBuildFile; fileRef = 43C1BA4520EA8B2E00CA919D /* rtlsdrwrapper.swift */; };
/* End PBXBuildFile section */

/* Begin PBXFileReference section */
		431A93A620EAEA7500C3458F /* SettingsViewController.swift */ = {isa = PBXFileReference; lastKnownFileType = sourcecode.swift; path = SettingsViewController.swift; sourceTree = "<group>"; };
		431A93A820EAEB5400C3458F /* MainWindowController.swift */ = {isa = PBXFileReference; lastKnownFileType = sourcecode.swift; path = MainWindowController.swift; sourceTree = "<group>"; };
		43BDFC9620EA70DA000406B9 /* newtSDR.app */ = {isa = PBXFileReference; explicitFileType = wrapper.application; includeInIndex = 0; path = newtSDR.app; sourceTree = BUILT_PRODUCTS_DIR; };
		43BDFC9920EA70DA000406B9 /* AppDelegate.swift */ = {isa = PBXFileReference; lastKnownFileType = sourcecode.swift; path = AppDelegate.swift; sourceTree = "<group>"; };
		43BDFC9D20EA70DA000406B9 /* Assets.xcassets */ = {isa = PBXFileReference; lastKnownFileType = folder.assetcatalog; path = Assets.xcassets; sourceTree = "<group>"; };
		43BDFCA020EA70DA000406B9 /* Base */ = {isa = PBXFileReference; lastKnownFileType = file.storyboard; name = Base; path = Base.lproj/Main.storyboard; sourceTree = "<group>"; };
		43BDFCA220EA70DA000406B9 /* Info.plist */ = {isa = PBXFileReference; lastKnownFileType = text.plist.xml; path = Info.plist; sourceTree = "<group>"; };
		43BDFCAF20EA71A1000406B9 /* module.modulemap */ = {isa = PBXFileReference; lastKnownFileType = "sourcecode.module-map"; path = module.modulemap; sourceTree = "<group>"; };
		43BDFD0620EA7734000406B9 /* rtl-sdr_export.h */ = {isa = PBXFileReference; fileEncoding = 4; lastKnownFileType = sourcecode.c.h; path = "rtl-sdr_export.h"; sourceTree = "<group>"; };
		43BDFD0720EA7734000406B9 /* rtl-sdr.h */ = {isa = PBXFileReference; fileEncoding = 4; lastKnownFileType = sourcecode.c.h; path = "rtl-sdr.h"; sourceTree = "<group>"; };
		43C1BA3F20EA8AF800CA919D /* librtlsdr.a */ = {isa = PBXFileReference; lastKnownFileType = archive.ar; path = librtlsdr.a; sourceTree = "<group>"; };
		43C1BA4020EA8AF900CA919D /* libusb-1.0.a */ = {isa = PBXFileReference; lastKnownFileType = archive.ar; path = "libusb-1.0.a"; sourceTree = "<group>"; };
		43C1BA4520EA8B2E00CA919D /* rtlsdrwrapper.swift */ = {isa = PBXFileReference; lastKnownFileType = sourcecode.swift; path = rtlsdrwrapper.swift; sourceTree = "<group>"; };
/* End PBXFileReference section */

/* Begin PBXFrameworksBuildPhase section */
		43BDFC9320EA70DA000406B9 /* Frameworks */ = {
			isa = PBXFrameworksBuildPhase;
			buildActionMask = 2147483647;
			files = (
				43C1BA4220EA8AF900CA919D /* libusb-1.0.a in Frameworks */,
				43C1BA4120EA8AF900CA919D /* librtlsdr.a in Frameworks */,
			);
			runOnlyForDeploymentPostprocessing = 0;
		};
/* End PBXFrameworksBuildPhase section */

/* Begin PBXGroup section */
		43BDFC8D20EA70DA000406B9 = {
			isa = PBXGroup;
			children = (
				43BDFC9820EA70DA000406B9 /* newtSDR */,
				43BDFC9720EA70DA000406B9 /* Products */,
				43BDFD0B20EA7828000406B9 /* Frameworks */,
			);
			sourceTree = "<group>";
		};
		43BDFC9720EA70DA000406B9 /* Products */ = {
			isa = PBXGroup;
			children = (
				43BDFC9620EA70DA000406B9 /* newtSDR.app */,
			);
			name = Products;
			sourceTree = "<group>";
		};
		43BDFC9820EA70DA000406B9 /* newtSDR */ = {
			isa = PBXGroup;
			children = (
				43BDFCAA20EA7109000406B9 /* rtl-sdr */,
				43BDFC9920EA70DA000406B9 /* AppDelegate.swift */,
				43BDFC9D20EA70DA000406B9 /* Assets.xcassets */,
				43BDFC9F20EA70DA000406B9 /* Main.storyboard */,
				43BDFCA220EA70DA000406B9 /* Info.plist */,
				43C1BA4520EA8B2E00CA919D /* rtlsdrwrapper.swift */,
				431A93A620EAEA7500C3458F /* SettingsViewController.swift */,
				431A93A820EAEB5400C3458F /* MainWindowController.swift */,
			);
			path = newtSDR;
			sourceTree = "<group>";
		};
		43BDFCAA20EA7109000406B9 /* rtl-sdr */ = {
			isa = PBXGroup;
			children = (
				43C1BA3F20EA8AF800CA919D /* librtlsdr.a */,
				43C1BA4020EA8AF900CA919D /* libusb-1.0.a */,
				43BDFCAF20EA71A1000406B9 /* module.modulemap */,
				43BDFD0620EA7734000406B9 /* rtl-sdr_export.h */,
				43BDFD0720EA7734000406B9 /* rtl-sdr.h */,
			);
			path = "rtl-sdr";
			sourceTree = "<group>";
		};
		43BDFD0B20EA7828000406B9 /* Frameworks */ = {
			isa = PBXGroup;
			children = (
			);
			name = Frameworks;
			sourceTree = "<group>";
		};
/* End PBXGroup section */

/* Begin PBXNativeTarget section */
		43BDFC9520EA70DA000406B9 /* newtSDR */ = {
			isa = PBXNativeTarget;
			buildConfigurationList = 43BDFCA620EA70DA000406B9 /* Build configuration list for PBXNativeTarget "newtSDR" */;
			buildPhases = (
				43BDFC9220EA70DA000406B9 /* Sources */,
				43BDFC9320EA70DA000406B9 /* Frameworks */,
				43BDFC9420EA70DA000406B9 /* Resources */,
			);
			buildRules = (
			);
			dependencies = (
			);
			name = newtSDR;
			productName = newtSDR;
			productReference = 43BDFC9620EA70DA000406B9 /* newtSDR.app */;
			productType = "com.apple.product-type.application";
		};
/* End PBXNativeTarget section */

/* Begin PBXProject section */
		43BDFC8E20EA70DA000406B9 /* Project object */ = {
			isa = PBXProject;
			attributes = {
				LastSwiftUpdateCheck = 0940;
				LastUpgradeCheck = 0940;
				ORGANIZATIONNAME = "Jacob Bashista";
				TargetAttributes = {
					43BDFC9520EA70DA000406B9 = {
						CreatedOnToolsVersion = 9.4.1;
						LastSwiftMigration = 0940;
						SystemCapabilities = {
							com.apple.Sandbox = {
								enabled = 0;
							};
						};
					};
				};
			};
			buildConfigurationList = 43BDFC9120EA70DA000406B9 /* Build configuration list for PBXProject "newtSDR" */;
			compatibilityVersion = "Xcode 9.3";
			developmentRegion = en;
			hasScannedForEncodings = 0;
			knownRegions = (
				en,
				Base,
			);
			mainGroup = 43BDFC8D20EA70DA000406B9;
			productRefGroup = 43BDFC9720EA70DA000406B9 /* Products */;
			projectDirPath = "";
			projectRoot = "";
			targets = (
				43BDFC9520EA70DA000406B9 /* newtSDR */,
			);
		};
/* End PBXProject section */

/* Begin PBXResourcesBuildPhase section */
		43BDFC9420EA70DA000406B9 /* Resources */ = {
			isa = PBXResourcesBuildPhase;
			buildActionMask = 2147483647;
			files = (
				43BDFC9E20EA70DA000406B9 /* Assets.xcassets in Resources */,
				43BDFCA120EA70DA000406B9 /* Main.storyboard in Resources */,
			);
			runOnlyForDeploymentPostprocessing = 0;
		};
/* End PBXResourcesBuildPhase section */

/* Begin PBXSourcesBuildPhase section */
		43BDFC9220EA70DA000406B9 /* Sources */ = {
			isa = PBXSourcesBuildPhase;
			buildActionMask = 2147483647;
			files = (
				43C1BA4620EA8B2E00CA919D /* rtlsdrwrapper.swift in Sources */,
				431A93A720EAEA7500C3458F /* SettingsViewController.swift in Sources */,
				431A93A920EAEB5400C3458F /* MainWindowController.swift in Sources */,
				43BDFC9A20EA70DA000406B9 /* AppDelegate.swift in Sources */,
			);
			runOnlyForDeploymentPostprocessing = 0;
		};
/* End PBXSourcesBuildPhase section */

/* Begin PBXVariantGroup section */
		43BDFC9F20EA70DA000406B9 /* Main.storyboard */ = {
			isa = PBXVariantGroup;
			children = (
				43BDFCA020EA70DA000406B9 /* Base */,
			);
			name = Main.storyboard;
			sourceTree = "<group>";
		};
/* End PBXVariantGroup section */

/* Begin XCBuildConfiguration section */
		43BDFCA420EA70DA000406B9 /* Debug */ = {
			isa = XCBuildConfiguration;
			buildSettings = {
				ALWAYS_SEARCH_USER_PATHS = NO;
				CLANG_ANALYZER_NONNULL = YES;
				CLANG_ANALYZER_NUMBER_OBJECT_CONVERSION = YES_AGGRESSIVE;
				CLANG_CXX_LANGUAGE_STANDARD = "gnu++14";
				CLANG_CXX_LIBRARY = "libc++";
				CLANG_ENABLE_MODULES = YES;
				CLANG_ENABLE_OBJC_ARC = YES;
				CLANG_ENABLE_OBJC_WEAK = YES;
				CLANG_WARN_BLOCK_CAPTURE_AUTORELEASING = YES;
				CLANG_WARN_BOOL_CONVERSION = YES;
				CLANG_WARN_COMMA = YES;
				CLANG_WARN_CONSTANT_CONVERSION = YES;
				CLANG_WARN_DEPRECATED_OBJC_IMPLEMENTATIONS = YES;
				CLANG_WARN_DIRECT_OBJC_ISA_USAGE = YES_ERROR;
				CLANG_WARN_DOCUMENTATION_COMMENTS = YES;
				CLANG_WARN_EMPTY_BODY = YES;
				CLANG_WARN_ENUM_CONVERSION = YES;
				CLANG_WARN_INFINITE_RECURSION = YES;
				CLANG_WARN_INT_CONVERSION = YES;
				CLANG_WARN_NON_LITERAL_NULL_CONVERSION = YES;
				CLANG_WARN_OBJC_IMPLICIT_RETAIN_SELF = YES;
				CLANG_WARN_OBJC_LITERAL_CONVERSION = YES;
				CLANG_WARN_OBJC_ROOT_CLASS = YES_ERROR;
				CLANG_WARN_RANGE_LOOP_ANALYSIS = YES;
				CLANG_WARN_STRICT_PROTOTYPES = YES;
				CLANG_WARN_SUSPICIOUS_MOVE = YES;
				CLANG_WARN_UNGUARDED_AVAILABILITY = YES_AGGRESSIVE;
				CLANG_WARN_UNREACHABLE_CODE = YES;
				CLANG_WARN__DUPLICATE_METHOD_MATCH = YES;
				CODE_SIGN_IDENTITY = "Mac Developer";
				COPY_PHASE_STRIP = NO;
				DEBUG_INFORMATION_FORMAT = dwarf;
				ENABLE_STRICT_OBJC_MSGSEND = YES;
				ENABLE_TESTABILITY = YES;
				GCC_C_LANGUAGE_STANDARD = gnu11;
				GCC_DYNAMIC_NO_PIC = NO;
				GCC_NO_COMMON_BLOCKS = YES;
				GCC_OPTIMIZATION_LEVEL = 0;
				GCC_PREPROCESSOR_DEFINITIONS = (
					"DEBUG=1",
					"$(inherited)",
				);
				GCC_WARN_64_TO_32_BIT_CONVERSION = YES;
				GCC_WARN_ABOUT_RETURN_TYPE = YES_ERROR;
				GCC_WARN_UNDECLARED_SELECTOR = YES;
				GCC_WARN_UNINITIALIZED_AUTOS = YES_AGGRESSIVE;
				GCC_WARN_UNUSED_FUNCTION = YES;
				GCC_WARN_UNUSED_VARIABLE = YES;
				MACOSX_DEPLOYMENT_TARGET = 10.13;
				MTL_ENABLE_DEBUG_INFO = YES;
				ONLY_ACTIVE_ARCH = YES;
				SDKROOT = macosx;
				SWIFT_ACTIVE_COMPILATION_CONDITIONS = DEBUG;
				SWIFT_OPTIMIZATION_LEVEL = "-Onone";
			};
			name = Debug;
		};
		43BDFCA520EA70DA000406B9 /* Release */ = {
			isa = XCBuildConfiguration;
			buildSettings = {
				ALWAYS_SEARCH_USER_PATHS = NO;
				CLANG_ANALYZER_NONNULL = YES;
				CLANG_ANALYZER_NUMBER_OBJECT_CONVERSION = YES_AGGRESSIVE;
				CLANG_CXX_LANGUAGE_STANDARD = "gnu++14";
				CLANG_CXX_LIBRARY = "libc++";
				CLANG_ENABLE_MODULES = YES;
				CLANG_ENABLE_OBJC_ARC = YES;
				CLANG_ENABLE_OBJC_WEAK = YES;
				CLANG_WARN_BLOCK_CAPTURE_AUTORELEASING = YES;
				CLANG_WARN_BOOL_CONVERSION = YES;
				CLANG_WARN_COMMA = YES;
				CLANG_WARN_CONSTANT_CONVERSION = YES;
				CLANG_WARN_DEPRECATED_OBJC_IMPLEMENTATIONS = YES;
				CLANG_WARN_DIRECT_OBJC_ISA_USAGE = YES_ERROR;
				CLANG_WARN_DOCUMENTATION_COMMENTS = YES;
				CLANG_WARN_EMPTY_BODY = YES;
				CLANG_WARN_ENUM_CONVERSION = YES;
				CLANG_WARN_INFINITE_RECURSION = YES;
				CLANG_WARN_INT_CONVERSION = YES;
				CLANG_WARN_NON_LITERAL_NULL_CONVERSION = YES;
				CLANG_WARN_OBJC_IMPLICIT_RETAIN_SELF = YES;
				CLANG_WARN_OBJC_LITERAL_CONVERSION = YES;
				CLANG_WARN_OBJC_ROOT_CLASS = YES_ERROR;
				CLANG_WARN_RANGE_LOOP_ANALYSIS = YES;
				CLANG_WARN_STRICT_PROTOTYPES = YES;
				CLANG_WARN_SUSPICIOUS_MOVE = YES;
				CLANG_WARN_UNGUARDED_AVAILABILITY = YES_AGGRESSIVE;
				CLANG_WARN_UNREACHABLE_CODE = YES;
				CLANG_WARN__DUPLICATE_METHOD_MATCH = YES;
				CODE_SIGN_IDENTITY = "Mac Developer";
				COPY_PHASE_STRIP = NO;
				DEBUG_INFORMATION_FORMAT = "dwarf-with-dsym";
				ENABLE_NS_ASSERTIONS = NO;
				ENABLE_STRICT_OBJC_MSGSEND = YES;
				GCC_C_LANGUAGE_STANDARD = gnu11;
				GCC_NO_COMMON_BLOCKS = YES;
				GCC_WARN_64_TO_32_BIT_CONVERSION = YES;
				GCC_WARN_ABOUT_RETURN_TYPE = YES_ERROR;
				GCC_WARN_UNDECLARED_SELECTOR = YES;
				GCC_WARN_UNINITIALIZED_AUTOS = YES_AGGRESSIVE;
				GCC_WARN_UNUSED_FUNCTION = YES;
				GCC_WARN_UNUSED_VARIABLE = YES;
				MACOSX_DEPLOYMENT_TARGET = 10.13;
				MTL_ENABLE_DEBUG_INFO = NO;
				SDKROOT = macosx;
				SWIFT_COMPILATION_MODE = wholemodule;
				SWIFT_OPTIMIZATION_LEVEL = "-O";
			};
			name = Release;
		};
		43BDFCA720EA70DA000406B9 /* Debug */ = {
			isa = XCBuildConfiguration;
			buildSettings = {
				ASSETCATALOG_COMPILER_APPICON_NAME = AppIcon;
				CLANG_ENABLE_MODULES = YES;
				CODE_SIGN_STYLE = Automatic;
				COMBINE_HIDPI_IMAGES = YES;
				DEVELOPMENT_TEAM = V7CWSQZK69;
				INFOPLIST_FILE = newtSDR/Info.plist;
				LD_RUNPATH_SEARCH_PATHS = (
					"$(inherited)",
					"@executable_path/../Frameworks",
				);
				LIBRARY_SEARCH_PATHS = (
					"$(inherited)",
					"$(PROJECT_DIR)/newtSDR/rtl-sdr",
				);
				PRODUCT_BUNDLE_IDENTIFIER = haus.orange.newtSDR;
				PRODUCT_NAME = "$(TARGET_NAME)";
				SWIFT_INCLUDE_PATHS = "$(SRCROOT)/newtSDR/rtl-sdr";
				SWIFT_OPTIMIZATION_LEVEL = "-Onone";
				SWIFT_VERSION = 4.0;
			};
			name = Debug;
		};
		43BDFCA820EA70DA000406B9 /* Release */ = {
			isa = XCBuildConfiguration;
			buildSettings = {
				ASSETCATALOG_COMPILER_APPICON_NAME = AppIcon;
				CLANG_ENABLE_MODULES = YES;
				CODE_SIGN_STYLE = Automatic;
				COMBINE_HIDPI_IMAGES = YES;
				DEVELOPMENT_TEAM = V7CWSQZK69;
				INFOPLIST_FILE = newtSDR/Info.plist;
				LD_RUNPATH_SEARCH_PATHS = (
					"$(inherited)",
					"@executable_path/../Frameworks",
				);
				LIBRARY_SEARCH_PATHS = (
					"$(inherited)",
					"$(PROJECT_DIR)/newtSDR/rtl-sdr",
				);
				PRODUCT_BUNDLE_IDENTIFIER = haus.orange.newtSDR;
				PRODUCT_NAME = "$(TARGET_NAME)";
				SWIFT_INCLUDE_PATHS = "$(SRCROOT)/newtSDR/rtl-sdr";
				SWIFT_VERSION = 4.0;
			};
			name = Release;
		};
/* End XCBuildConfiguration section */

/* Begin XCConfigurationList section */
		43BDFC9120EA70DA000406B9 /* Build configuration list for PBXProject "newtSDR" */ = {
			isa = XCConfigurationList;
			buildConfigurations = (
				43BDFCA420EA70DA000406B9 /* Debug */,
				43BDFCA520EA70DA000406B9 /* Release */,
			);
			defaultConfigurationIsVisible = 0;
			defaultConfigurationName = Release;
		};
		43BDFCA620EA70DA000406B9 /* Build configuration list for PBXNativeTarget "newtSDR" */ = {
			isa = XCConfigurationList;
			buildConfigurations = (
				43BDFCA720EA70DA000406B9 /* Debug */,
				43BDFCA820EA70DA000406B9 /* Release */,
			);
			defaultConfigurationIsVisible = 0;
			defaultConfigurationName = Release;
		};
/* End XCConfigurationList section */
	};
	rootObject = 43BDFC8E20EA70DA000406B9 /* Project object */;
}
